# This file may be used to create an environment using:
# $ conda create --name <env> --file <this file>
# platform: win-64
@EXPLICIT
https://conda.anaconda.org/t/ir-ee6f9eae-61c1-41a7-a7a6-68dae6e0b2b5/conda-forge/win-64/ca-certificates-2024.2.2-h56e8100_0.conda
https://conda.anaconda.org/iri-nextgen/win-64/cptbin-17.8.3-0.tar.bz2
https://conda.anaconda.org/t/ir-ee6f9eae-61c1-41a7-a7a6-68dae6e0b2b5/conda-forge/win-64/intel-openmp-2024.0.0-h57928b3_49841.conda
https://conda.anaconda.org/t/ir-ee6f9eae-61c1-41a7-a7a6-68dae6e0b2b5/conda-forge/win-64/msys2-conda-epoch-20160418-1.tar.bz2
https://conda.anaconda.org/t/ir-ee6f9eae-61c1-41a7-a7a6-68dae6e0b2b5/conda-forge/win-64/pandoc-3.1.12.1-h57928b3_0.conda
https://conda.anaconda.org/t/ir-ee6f9eae-61c1-41a7-a7a6-68dae6e0b2b5/conda-forge/win-64/python_abi-3.10-4_cp310.conda
https://conda.anaconda.org/t/ir-ee6f9eae-61c1-41a7-a7a6-68dae6e0b2b5/conda-forge/noarch/tzdata-2024a-h0c530f3_0.conda
https://conda.anaconda.org/conda-forge/win-64/ucrt-10.0.22621.0-h57928b3_0.tar.bz2
https://conda.anaconda.org/conda-forge/win-64/winpty-0.4.3-4.tar.bz2
https://conda.anaconda.org/conda-forge/win-64/m2w64-gmp-6.1.0-2.tar.bz2
https://conda.anaconda.org/conda-forge/win-64/m2w64-libwinpthread-git-5.0.0.4634.697f757-2.tar.bz2
https://conda.anaconda.org/t/ir-ee6f9eae-61c1-41a7-a7a6-68dae6e0b2b5/conda-forge/win-64/vc14_runtime-14.38.33130-h82b7239_18.conda
https://conda.anaconda.org/conda-forge/win-64/m2w64-gcc-libs-core-5.3.0-7.tar.bz2
https://conda.anaconda.org/t/ir-ee6f9eae-61c1-41a7-a7a6-68dae6e0b2b5/conda-forge/win-64/vc-14.3-hcf57466_18.conda
https://conda.anaconda.org/t/ir-ee6f9eae-61c1-41a7-a7a6-68dae6e0b2b5/conda-forge/win-64/vs2015_runtime-14.38.33130-hcb4865c_18.conda
https://conda.anaconda.org/t/ir-ee6f9eae-61c1-41a7-a7a6-68dae6e0b2b5/conda-forge/win-64/aws-c-common-0.9.12-hcfcfb64_0.conda
https://conda.anaconda.org/t/ir-ee6f9eae-61c1-41a7-a7a6-68dae6e0b2b5/conda-forge/win-64/bzip2-1.0.8-hcfcfb64_5.conda
https://conda.anaconda.org/t/ir-ee6f9eae-61c1-41a7-a7a6-68dae6e0b2b5/conda-forge/win-64/c-ares-1.26.0-hcfcfb64_0.conda
https://conda.anaconda.org/t/ir-ee6f9eae-61c1-41a7-a7a6-68dae6e0b2b5/conda-forge/win-64/geos-3.12.1-h1537add_0.conda
https://conda.anaconda.org/t/ir-ee6f9eae-61c1-41a7-a7a6-68dae6e0b2b5/conda-forge/win-64/icu-73.2-h63175ca_0.conda
https://conda.anaconda.org/conda-forge/win-64/lerc-4.0.0-h63175ca_0.tar.bz2
https://conda.anaconda.org/t/ir-ee6f9eae-61c1-41a7-a7a6-68dae6e0b2b5/conda-forge/win-64/libabseil-20230802.1-cxx17_h63175ca_0.conda
https://conda.anaconda.org/t/ir-ee6f9eae-61c1-41a7-a7a6-68dae6e0b2b5/conda-forge/win-64/libaec-1.1.2-h63175ca_1.conda
https://conda.anaconda.org/t/ir-ee6f9eae-61c1-41a7-a7a6-68dae6e0b2b5/conda-forge/win-64/libbrotlicommon-1.1.0-hcfcfb64_1.conda
https://conda.anaconda.org/conda-forge/win-64/libcrc32c-1.1.2-h0e60522_0.tar.bz2
https://conda.anaconda.org/t/ir-ee6f9eae-61c1-41a7-a7a6-68dae6e0b2b5/conda-forge/win-64/libdeflate-1.19-hcfcfb64_0.conda
https://conda.anaconda.org/conda-forge/win-64/libffi-3.4.2-h8ffe710_5.tar.bz2
https://conda.anaconda.org/t/ir-ee6f9eae-61c1-41a7-a7a6-68dae6e0b2b5/conda-forge/win-64/libiconv-1.17-hcfcfb64_2.conda
https://conda.anaconda.org/t/ir-ee6f9eae-61c1-41a7-a7a6-68dae6e0b2b5/conda-forge/win-64/libjpeg-turbo-3.0.0-hcfcfb64_1.conda
https://conda.anaconda.org/conda-forge/win-64/libogg-1.3.4-h8ffe710_1.tar.bz2
https://conda.anaconda.org/conda-forge/win-64/libsodium-1.0.18-h8d14728_1.tar.bz2
https://conda.anaconda.org/t/ir-ee6f9eae-61c1-41a7-a7a6-68dae6e0b2b5/conda-forge/win-64/libsqlite-3.45.1-hcfcfb64_0.conda
https://conda.anaconda.org/conda-forge/win-64/libutf8proc-2.8.0-h82a8f57_0.tar.bz2
https://conda.anaconda.org/t/ir-ee6f9eae-61c1-41a7-a7a6-68dae6e0b2b5/conda-forge/win-64/libwebp-base-1.3.2-hcfcfb64_0.conda
https://conda.anaconda.org/conda-forge/win-64/libzlib-1.2.13-hcfcfb64_5.conda
https://conda.anaconda.org/conda-forge/win-64/lz4-c-1.9.4-hcfcfb64_0.conda
https://conda.anaconda.org/conda-forge/win-64/m2w64-gcc-libgfortran-5.3.0-6.tar.bz2
https://conda.anaconda.org/t/ir-ee6f9eae-61c1-41a7-a7a6-68dae6e0b2b5/conda-forge/win-64/openssl-3.2.1-hcfcfb64_0.conda
https://conda.anaconda.org/conda-forge/win-64/pthreads-win32-2.9.1-hfa6e2cd_3.tar.bz2
https://conda.anaconda.org/conda-forge/win-64/snappy-1.1.10-hfb803bf_0.conda
https://conda.anaconda.org/t/ir-ee6f9eae-61c1-41a7-a7a6-68dae6e0b2b5/conda-forge/win-64/tk-8.6.13-h5226925_1.conda
https://conda.anaconda.org/conda-forge/win-64/xz-5.2.6-h8d14728_0.tar.bz2
https://conda.anaconda.org/conda-forge/win-64/yaml-0.2.5-h8ffe710_2.tar.bz2
https://conda.anaconda.org/t/ir-ee6f9eae-61c1-41a7-a7a6-68dae6e0b2b5/conda-forge/win-64/aws-c-cal-0.6.9-hd33547d_3.conda
https://conda.anaconda.org/t/ir-ee6f9eae-61c1-41a7-a7a6-68dae6e0b2b5/conda-forge/win-64/aws-c-compression-0.2.17-hd33547d_8.conda
https://conda.anaconda.org/t/ir-ee6f9eae-61c1-41a7-a7a6-68dae6e0b2b5/conda-forge/win-64/aws-c-sdkutils-0.1.14-hd33547d_0.conda
https://conda.anaconda.org/t/ir-ee6f9eae-61c1-41a7-a7a6-68dae6e0b2b5/conda-forge/win-64/aws-checksums-0.1.17-hd33547d_7.conda
https://conda.anaconda.org/conda-forge/win-64/gettext-0.21.1-h5728263_0.tar.bz2
https://conda.anaconda.org/t/ir-ee6f9eae-61c1-41a7-a7a6-68dae6e0b2b5/conda-forge/win-64/hdf4-4.2.15-h5557f11_7.conda
https://conda.anaconda.org/conda-forge/win-64/krb5-1.21.2-heb0366b_0.conda
https://conda.anaconda.org/t/ir-ee6f9eae-61c1-41a7-a7a6-68dae6e0b2b5/conda-forge/win-64/libbrotlidec-1.1.0-hcfcfb64_1.conda
https://conda.anaconda.org/t/ir-ee6f9eae-61c1-41a7-a7a6-68dae6e0b2b5/conda-forge/win-64/libbrotlienc-1.1.0-hcfcfb64_1.conda
https://conda.anaconda.org/conda-forge/win-64/libevent-2.1.12-h3671451_1.conda
https://conda.anaconda.org/t/ir-ee6f9eae-61c1-41a7-a7a6-68dae6e0b2b5/conda-forge/win-64/libpng-1.6.42-h19919ed_0.conda
https://conda.anaconda.org/t/ir-ee6f9eae-61c1-41a7-a7a6-68dae6e0b2b5/conda-forge/win-64/libprotobuf-4.25.1-hb8276f3_2.conda
https://conda.anaconda.org/t/ir-ee6f9eae-61c1-41a7-a7a6-68dae6e0b2b5/conda-forge/win-64/libre2-11-2023.06.02-h8c5ae5e_0.conda
https://conda.anaconda.org/conda-forge/win-64/libssh2-1.11.0-h7dfc565_0.conda
https://conda.anaconda.org/conda-forge/win-64/libvorbis-1.3.7-h0e60522_0.tar.bz2
https://conda.anaconda.org/t/ir-ee6f9eae-61c1-41a7-a7a6-68dae6e0b2b5/conda-forge/win-64/libxml2-2.12.5-hc3477c8_0.conda
https://conda.anaconda.org/t/ir-ee6f9eae-61c1-41a7-a7a6-68dae6e0b2b5/conda-forge/win-64/libzip-1.10.1-h1d365fa_3.conda
https://conda.anaconda.org/conda-forge/win-64/m2w64-gcc-libs-5.3.0-7.tar.bz2
https://conda.anaconda.org/t/ir-ee6f9eae-61c1-41a7-a7a6-68dae6e0b2b5/conda-forge/win-64/pcre2-10.42-h17e33f8_0.conda
https://conda.anaconda.org/t/ir-ee6f9eae-61c1-41a7-a7a6-68dae6e0b2b5/conda-forge/win-64/python-3.10.13-h4de0772_1_cpython.conda
https://conda.anaconda.org/t/ir-ee6f9eae-61c1-41a7-a7a6-68dae6e0b2b5/conda-forge/win-64/sqlite-3.45.1-hcfcfb64_0.conda
https://conda.anaconda.org/conda-forge/win-64/zeromq-4.3.4-h0e60522_1.tar.bz2
https://conda.anaconda.org/t/ir-ee6f9eae-61c1-41a7-a7a6-68dae6e0b2b5/conda-forge/win-64/zlib-1.2.13-hcfcfb64_5.conda
https://conda.anaconda.org/conda-forge/win-64/zstd-1.5.5-h12be248_0.conda
https://conda.anaconda.org/t/ir-ee6f9eae-61c1-41a7-a7a6-68dae6e0b2b5/conda-forge/noarch/attrs-23.2.0-pyh71513ae_0.conda
https://conda.anaconda.org/t/ir-ee6f9eae-61c1-41a7-a7a6-68dae6e0b2b5/conda-forge/win-64/aws-c-io-0.14.3-hf372335_1.conda
https://conda.anaconda.org/t/ir-ee6f9eae-61c1-41a7-a7a6-68dae6e0b2b5/conda-forge/win-64/blosc-1.21.5-hdccc3a2_0.conda
https://conda.anaconda.org/t/ir-ee6f9eae-61c1-41a7-a7a6-68dae6e0b2b5/conda-forge/win-64/brotli-bin-1.1.0-hcfcfb64_1.conda
https://conda.anaconda.org/t/ir-ee6f9eae-61c1-41a7-a7a6-68dae6e0b2b5/conda-forge/win-64/brotli-python-1.1.0-py310h00ffb61_1.conda
https://conda.anaconda.org/t/ir-ee6f9eae-61c1-41a7-a7a6-68dae6e0b2b5/conda-forge/noarch/certifi-2024.2.2-pyhd8ed1ab_0.conda
https://conda.anaconda.org/t/ir-ee6f9eae-61c1-41a7-a7a6-68dae6e0b2b5/conda-forge/noarch/charset-normalizer-3.3.2-pyhd8ed1ab_0.conda
https://conda.anaconda.org/t/ir-ee6f9eae-61c1-41a7-a7a6-68dae6e0b2b5/conda-forge/noarch/cloudpickle-3.0.0-pyhd8ed1ab_0.conda
https://conda.anaconda.org/conda-forge/noarch/colorama-0.4.6-pyhd8ed1ab_0.tar.bz2
https://conda.anaconda.org/t/ir-ee6f9eae-61c1-41a7-a7a6-68dae6e0b2b5/conda-forge/noarch/cycler-0.12.1-pyhd8ed1ab_0.conda
https://conda.anaconda.org/t/ir-ee6f9eae-61c1-41a7-a7a6-68dae6e0b2b5/conda-forge/win-64/debugpy-1.8.1-py310h00ffb61_0.conda
https://conda.anaconda.org/conda-forge/noarch/decorator-5.1.1-pyhd8ed1ab_0.tar.bz2
https://conda.anaconda.org/conda-forge/noarch/defusedxml-0.7.1-pyhd8ed1ab_0.tar.bz2
https://conda.anaconda.org/conda-forge/noarch/entrypoints-0.4-pyhd8ed1ab_0.tar.bz2
https://conda.anaconda.org/t/ir-ee6f9eae-61c1-41a7-a7a6-68dae6e0b2b5/conda-forge/noarch/exceptiongroup-1.2.0-pyhd8ed1ab_2.conda
https://conda.anaconda.org/t/ir-ee6f9eae-61c1-41a7-a7a6-68dae6e0b2b5/conda-forge/noarch/executing-2.0.1-pyhd8ed1ab_0.conda
https://conda.anaconda.org/t/ir-ee6f9eae-61c1-41a7-a7a6-68dae6e0b2b5/conda-forge/win-64/freetype-2.12.1-hdaf720e_2.conda
https://conda.anaconda.org/t/ir-ee6f9eae-61c1-41a7-a7a6-68dae6e0b2b5/conda-forge/noarch/fsspec-2024.2.0-pyhca7485f_0.conda
https://conda.anaconda.org/t/ir-ee6f9eae-61c1-41a7-a7a6-68dae6e0b2b5/conda-forge/noarch/idna-3.6-pyhd8ed1ab_0.conda
https://conda.anaconda.org/conda-forge/noarch/ipython_genutils-0.2.0-py_1.tar.bz2
https://conda.anaconda.org/t/ir-ee6f9eae-61c1-41a7-a7a6-68dae6e0b2b5/conda-forge/noarch/jupyterlab_widgets-3.0.10-pyhd8ed1ab_0.conda
https://conda.anaconda.org/t/ir-ee6f9eae-61c1-41a7-a7a6-68dae6e0b2b5/conda-forge/win-64/kiwisolver-1.4.5-py310h232114e_1.conda
https://conda.anaconda.org/t/ir-ee6f9eae-61c1-41a7-a7a6-68dae6e0b2b5/conda-forge/win-64/libclang13-15.0.7-default_h85b4d89_4.conda
https://conda.anaconda.org/t/ir-ee6f9eae-61c1-41a7-a7a6-68dae6e0b2b5/conda-forge/win-64/libcurl-8.5.0-hd5e4a3a_0.conda
https://conda.anaconda.org/t/ir-ee6f9eae-61c1-41a7-a7a6-68dae6e0b2b5/conda-forge/win-64/libglib-2.78.4-h16e383f_0.conda
https://conda.anaconda.org/t/ir-ee6f9eae-61c1-41a7-a7a6-68dae6e0b2b5/conda-forge/win-64/libhwloc-2.9.3-default_haede6df_1009.conda
https://conda.anaconda.org/t/ir-ee6f9eae-61c1-41a7-a7a6-68dae6e0b2b5/conda-forge/win-64/libthrift-0.19.0-ha2b3283_1.conda
https://conda.anaconda.org/t/ir-ee6f9eae-61c1-41a7-a7a6-68dae6e0b2b5/conda-forge/win-64/libtiff-4.6.0-h6e2ebb7_2.conda
https://conda.anaconda.org/conda-forge/noarch/locket-1.0.0-pyhd8ed1ab_0.tar.bz2
https://conda.anaconda.org/t/ir-ee6f9eae-61c1-41a7-a7a6-68dae6e0b2b5/conda-forge/win-64/lz4-4.3.3-py310hbbb2075_0.conda
https://conda.anaconda.org/t/ir-ee6f9eae-61c1-41a7-a7a6-68dae6e0b2b5/conda-forge/win-64/markupsafe-2.1.5-py310h8d17308_0.conda
https://conda.anaconda.org/t/ir-ee6f9eae-61c1-41a7-a7a6-68dae6e0b2b5/conda-forge/noarch/mistune-3.0.2-pyhd8ed1ab_0.conda
https://conda.anaconda.org/t/ir-ee6f9eae-61c1-41a7-a7a6-68dae6e0b2b5/conda-forge/win-64/msgpack-python-1.0.7-py310h232114e_0.conda
https://conda.anaconda.org/conda-forge/noarch/munkres-1.1.4-pyh9f0ad1d_0.tar.bz2
https://conda.anaconda.org/t/ir-ee6f9eae-61c1-41a7-a7a6-68dae6e0b2b5/conda-forge/noarch/nest-asyncio-1.6.0-pyhd8ed1ab_0.conda
https://conda.anaconda.org/t/ir-ee6f9eae-61c1-41a7-a7a6-68dae6e0b2b5/conda-forge/win-64/orc-1.9.2-hf6f83f4_1.conda
https://conda.anaconda.org/t/ir-ee6f9eae-61c1-41a7-a7a6-68dae6e0b2b5/conda-forge/noarch/packaging-23.2-pyhd8ed1ab_0.conda
https://conda.anaconda.org/conda-forge/noarch/pandocfilters-1.5.0-pyhd8ed1ab_0.tar.bz2
https://conda.anaconda.org/conda-forge/noarch/parso-0.8.3-pyhd8ed1ab_0.tar.bz2
https://conda.anaconda.org/conda-forge/noarch/pickleshare-0.7.5-py_1003.tar.bz2
https://conda.anaconda.org/t/ir-ee6f9eae-61c1-41a7-a7a6-68dae6e0b2b5/conda-forge/noarch/pkgutil-resolve-name-1.3.10-pyhd8ed1ab_1.conda
https://conda.anaconda.org/t/ir-ee6f9eae-61c1-41a7-a7a6-68dae6e0b2b5/conda-forge/noarch/platformdirs-4.2.0-pyhd8ed1ab_0.conda
https://conda.anaconda.org/conda-forge/noarch/ply-3.11-py_1.tar.bz2
https://conda.anaconda.org/t/ir-ee6f9eae-61c1-41a7-a7a6-68dae6e0b2b5/conda-forge/noarch/prometheus_client-0.20.0-pyhd8ed1ab_0.conda
https://conda.anaconda.org/t/ir-ee6f9eae-61c1-41a7-a7a6-68dae6e0b2b5/conda-forge/win-64/psutil-5.9.8-py310h8d17308_0.conda
https://conda.anaconda.org/t/ir-ee6f9eae-61c1-41a7-a7a6-68dae6e0b2b5/conda-forge/win-64/pthread-stubs-0.4-hcd874cb_1001.tar.bz2
https://conda.anaconda.org/conda-forge/noarch/pure_eval-0.2.2-pyhd8ed1ab_0.tar.bz2
https://conda.anaconda.org/conda-forge/noarch/pycparser-2.21-pyhd8ed1ab_0.tar.bz2
https://conda.anaconda.org/t/ir-ee6f9eae-61c1-41a7-a7a6-68dae6e0b2b5/conda-forge/noarch/pygments-2.17.2-pyhd8ed1ab_0.conda
https://conda.anaconda.org/conda-forge/noarch/pyparsing-3.1.1-pyhd8ed1ab_0.conda
https://conda.anaconda.org/conda-forge/noarch/pyshp-2.3.1-pyhd8ed1ab_0.tar.bz2
https://conda.anaconda.org/t/ir-ee6f9eae-61c1-41a7-a7a6-68dae6e0b2b5/conda-forge/noarch/python-fastjsonschema-2.19.1-pyhd8ed1ab_0.conda
https://conda.anaconda.org/t/ir-ee6f9eae-61c1-41a7-a7a6-68dae6e0b2b5/conda-forge/noarch/python-tzdata-2024.1-pyhd8ed1ab_0.conda
https://conda.anaconda.org/t/ir-ee6f9eae-61c1-41a7-a7a6-68dae6e0b2b5/conda-forge/noarch/pytz-2024.1-pyhd8ed1ab_0.conda
https://conda.anaconda.org/t/ir-ee6f9eae-61c1-41a7-a7a6-68dae6e0b2b5/conda-forge/win-64/pywin32-306-py310h00ffb61_2.conda
https://conda.anaconda.org/t/ir-ee6f9eae-61c1-41a7-a7a6-68dae6e0b2b5/conda-forge/win-64/pywinpty-2.0.12-py310h00ffb61_0.conda
https://conda.anaconda.org/t/ir-ee6f9eae-61c1-41a7-a7a6-68dae6e0b2b5/conda-forge/win-64/pyyaml-6.0.1-py310h8d17308_1.conda
https://conda.anaconda.org/t/ir-ee6f9eae-61c1-41a7-a7a6-68dae6e0b2b5/conda-forge/win-64/pyzmq-24.0.1-py310hcd737a0_1.tar.bz2
https://conda.anaconda.org/t/ir-ee6f9eae-61c1-41a7-a7a6-68dae6e0b2b5/conda-forge/win-64/re2-2023.06.02-hcbb65ff_0.conda
https://conda.anaconda.org/t/ir-ee6f9eae-61c1-41a7-a7a6-68dae6e0b2b5/conda-forge/win-64/rpds-py-0.18.0-py310h87d50f1_0.conda
https://conda.anaconda.org/t/ir-ee6f9eae-61c1-41a7-a7a6-68dae6e0b2b5/conda-forge/noarch/setuptools-69.1.0-pyhd8ed1ab_1.conda
https://conda.anaconda.org/conda-forge/noarch/six-1.16.0-pyh6c4a22f_0.tar.bz2
https://conda.anaconda.org/conda-forge/noarch/sniffio-1.3.0-pyhd8ed1ab_0.tar.bz2
https://conda.anaconda.org/conda-forge/noarch/sortedcontainers-2.4.0-pyhd8ed1ab_0.tar.bz2
https://conda.anaconda.org/t/ir-ee6f9eae-61c1-41a7-a7a6-68dae6e0b2b5/conda-forge/noarch/soupsieve-2.5-pyhd8ed1ab_1.conda
https://conda.anaconda.org/t/ir-ee6f9eae-61c1-41a7-a7a6-68dae6e0b2b5/conda-forge/noarch/tblib-3.0.0-pyhd8ed1ab_0.conda
https://conda.anaconda.org/t/ir-ee6f9eae-61c1-41a7-a7a6-68dae6e0b2b5/conda-forge/noarch/threadpoolctl-3.3.0-pyhc1e730c_0.conda
https://conda.anaconda.org/conda-forge/noarch/toml-0.10.2-pyhd8ed1ab_0.tar.bz2
https://conda.anaconda.org/conda-forge/noarch/tomli-2.0.1-pyhd8ed1ab_0.tar.bz2
https://conda.anaconda.org/t/ir-ee6f9eae-61c1-41a7-a7a6-68dae6e0b2b5/conda-forge/noarch/toolz-0.12.1-pyhd8ed1ab_0.conda
https://conda.anaconda.org/conda-forge/win-64/tornado-6.1-py310he2412df_3.tar.bz2
https://conda.anaconda.org/t/ir-ee6f9eae-61c1-41a7-a7a6-68dae6e0b2b5/conda-forge/noarch/traitlets-5.14.1-pyhd8ed1ab_0.conda
https://conda.anaconda.org/t/ir-ee6f9eae-61c1-41a7-a7a6-68dae6e0b2b5/conda-forge/noarch/typing_extensions-4.9.0-pyha770c72_0.conda
https://conda.anaconda.org/t/ir-ee6f9eae-61c1-41a7-a7a6-68dae6e0b2b5/conda-forge/win-64/unicodedata2-15.1.0-py310h8d17308_0.conda
https://conda.anaconda.org/t/ir-ee6f9eae-61c1-41a7-a7a6-68dae6e0b2b5/conda-forge/noarch/wcwidth-0.2.13-pyhd8ed1ab_0.conda
https://conda.anaconda.org/t/ir-ee6f9eae-61c1-41a7-a7a6-68dae6e0b2b5/conda-forge/noarch/webencodings-0.5.1-pyhd8ed1ab_2.conda
https://conda.anaconda.org/t/ir-ee6f9eae-61c1-41a7-a7a6-68dae6e0b2b5/conda-forge/noarch/websocket-client-1.7.0-pyhd8ed1ab_0.conda
https://conda.anaconda.org/t/ir-ee6f9eae-61c1-41a7-a7a6-68dae6e0b2b5/conda-forge/noarch/wheel-0.42.0-pyhd8ed1ab_0.conda
https://conda.anaconda.org/t/ir-ee6f9eae-61c1-41a7-a7a6-68dae6e0b2b5/conda-forge/noarch/widgetsnbextension-4.0.10-pyhd8ed1ab_0.conda
https://conda.anaconda.org/conda-forge/noarch/win_inet_pton-1.1.0-pyhd8ed1ab_6.tar.bz2
https://conda.anaconda.org/conda-forge/win-64/xorg-libxau-1.0.11-hcd874cb_0.conda
https://conda.anaconda.org/conda-forge/win-64/xorg-libxdmcp-1.1.3-hcd874cb_0.tar.bz2
https://conda.anaconda.org/t/ir-ee6f9eae-61c1-41a7-a7a6-68dae6e0b2b5/conda-forge/noarch/xyzservices-2023.10.1-pyhd8ed1ab_0.conda
https://conda.anaconda.org/conda-forge/noarch/zict-3.0.0-pyhd8ed1ab_0.conda
https://conda.anaconda.org/t/ir-ee6f9eae-61c1-41a7-a7a6-68dae6e0b2b5/conda-forge/noarch/zipp-3.17.0-pyhd8ed1ab_0.conda
https://conda.anaconda.org/conda-forge/noarch/anyio-3.7.1-pyhd8ed1ab_0.conda
https://conda.anaconda.org/t/ir-ee6f9eae-61c1-41a7-a7a6-68dae6e0b2b5/conda-forge/noarch/asttokens-2.4.1-pyhd8ed1ab_0.conda
https://conda.anaconda.org/t/ir-ee6f9eae-61c1-41a7-a7a6-68dae6e0b2b5/conda-forge/win-64/aws-c-event-stream-0.4.2-hf127292_0.conda
https://conda.anaconda.org/t/ir-ee6f9eae-61c1-41a7-a7a6-68dae6e0b2b5/conda-forge/win-64/aws-c-http-0.8.0-h0cc4be6_5.conda
https://conda.anaconda.org/t/ir-ee6f9eae-61c1-41a7-a7a6-68dae6e0b2b5/conda-forge/noarch/beautifulsoup4-4.12.3-pyha770c72_0.conda
https://conda.anaconda.org/t/ir-ee6f9eae-61c1-41a7-a7a6-68dae6e0b2b5/conda-forge/noarch/bleach-6.1.0-pyhd8ed1ab_0.conda
https://conda.anaconda.org/t/ir-ee6f9eae-61c1-41a7-a7a6-68dae6e0b2b5/conda-forge/win-64/brotli-1.1.0-hcfcfb64_1.conda
https://conda.anaconda.org/t/ir-ee6f9eae-61c1-41a7-a7a6-68dae6e0b2b5/conda-forge/win-64/cffi-1.16.0-py310h8d17308_0.conda
https://conda.anaconda.org/conda-forge/noarch/click-8.1.7-win_pyh7428d3b_0.conda
https://conda.anaconda.org/t/ir-ee6f9eae-61c1-41a7-a7a6-68dae6e0b2b5/conda-forge/noarch/comm-0.2.1-pyhd8ed1ab_0.conda
https://conda.anaconda.org/t/ir-ee6f9eae-61c1-41a7-a7a6-68dae6e0b2b5/conda-forge/win-64/cytoolz-0.12.3-py310h8d17308_0.conda
https://conda.anaconda.org/t/ir-ee6f9eae-61c1-41a7-a7a6-68dae6e0b2b5/conda-forge/win-64/glib-tools-2.78.4-h12be248_0.conda
https://conda.anaconda.org/t/ir-ee6f9eae-61c1-41a7-a7a6-68dae6e0b2b5/conda-forge/win-64/hdf5-1.14.3-nompi_h73e8ff5_100.conda
https://conda.anaconda.org/t/ir-ee6f9eae-61c1-41a7-a7a6-68dae6e0b2b5/conda-forge/noarch/importlib-metadata-7.0.1-pyha770c72_0.conda
https://conda.anaconda.org/t/ir-ee6f9eae-61c1-41a7-a7a6-68dae6e0b2b5/conda-forge/noarch/importlib_resources-6.1.1-pyhd8ed1ab_0.conda
https://conda.anaconda.org/t/ir-ee6f9eae-61c1-41a7-a7a6-68dae6e0b2b5/conda-forge/noarch/jedi-0.19.1-pyhd8ed1ab_0.conda
https://conda.anaconda.org/t/ir-ee6f9eae-61c1-41a7-a7a6-68dae6e0b2b5/conda-forge/noarch/jinja2-3.1.3-pyhd8ed1ab_0.conda
https://conda.anaconda.org/conda-forge/noarch/joblib-1.3.2-pyhd8ed1ab_0.conda
https://conda.anaconda.org/t/ir-ee6f9eae-61c1-41a7-a7a6-68dae6e0b2b5/conda-forge/win-64/jupyter_core-5.7.1-py310h5588dad_0.conda
https://conda.anaconda.org/t/ir-ee6f9eae-61c1-41a7-a7a6-68dae6e0b2b5/conda-forge/noarch/jupyterlab_pygments-0.3.0-pyhd8ed1ab_1.conda
https://conda.anaconda.org/t/ir-ee6f9eae-61c1-41a7-a7a6-68dae6e0b2b5/conda-forge/win-64/lcms2-2.16-h67d730c_0.conda
https://conda.anaconda.org/t/ir-ee6f9eae-61c1-41a7-a7a6-68dae6e0b2b5/conda-forge/win-64/libclang-15.0.7-default_hde6756a_4.conda
https://conda.anaconda.org/t/ir-ee6f9eae-61c1-41a7-a7a6-68dae6e0b2b5/conda-forge/win-64/libgrpc-1.60.1-h0bf0bfa_0.conda
https://conda.anaconda.org/conda-forge/win-64/libxcb-1.15-hcd874cb_0.conda
https://conda.anaconda.org/conda-forge/noarch/matplotlib-inline-0.1.6-pyhd8ed1ab_0.tar.bz2
https://conda.anaconda.org/t/ir-ee6f9eae-61c1-41a7-a7a6-68dae6e0b2b5/conda-forge/win-64/openjpeg-2.5.0-h3d672ee_3.conda
https://conda.anaconda.org/t/ir-ee6f9eae-61c1-41a7-a7a6-68dae6e0b2b5/conda-forge/noarch/partd-1.4.1-pyhd8ed1ab_0.conda
https://conda.anaconda.org/t/ir-ee6f9eae-61c1-41a7-a7a6-68dae6e0b2b5/conda-forge/noarch/pip-24.0-pyhd8ed1ab_0.conda
https://conda.anaconda.org/t/ir-ee6f9eae-61c1-41a7-a7a6-68dae6e0b2b5/conda-forge/win-64/proj-9.3.1-he13c7e8_0.conda
https://conda.anaconda.org/t/ir-ee6f9eae-61c1-41a7-a7a6-68dae6e0b2b5/conda-forge/noarch/prompt-toolkit-3.0.42-pyha770c72_0.conda
https://conda.anaconda.org/conda-forge/noarch/pysocks-1.7.1-pyh0701188_6.tar.bz2
https://conda.anaconda.org/conda-forge/noarch/python-dateutil-2.8.2-pyhd8ed1ab_0.tar.bz2
https://conda.anaconda.org/t/ir-ee6f9eae-61c1-41a7-a7a6-68dae6e0b2b5/conda-forge/noarch/qtpy-2.4.1-pyhd8ed1ab_0.conda
https://conda.anaconda.org/t/ir-ee6f9eae-61c1-41a7-a7a6-68dae6e0b2b5/conda-forge/noarch/referencing-0.33.0-pyhd8ed1ab_0.conda
https://conda.anaconda.org/conda-forge/noarch/send2trash-1.8.2-pyh08f2357_0.conda
https://conda.anaconda.org/t/ir-ee6f9eae-61c1-41a7-a7a6-68dae6e0b2b5/conda-forge/win-64/sip-6.7.12-py310h00ffb61_0.conda
https://conda.anaconda.org/t/ir-ee6f9eae-61c1-41a7-a7a6-68dae6e0b2b5/conda-forge/win-64/tbb-2021.11.0-h91493d7_1.conda
https://conda.anaconda.org/t/ir-ee6f9eae-61c1-41a7-a7a6-68dae6e0b2b5/conda-forge/noarch/terminado-0.18.0-pyh5737063_0.conda
https://conda.anaconda.org/conda-forge/noarch/tinycss2-1.2.1-pyhd8ed1ab_0.tar.bz2
https://conda.anaconda.org/t/ir-ee6f9eae-61c1-41a7-a7a6-68dae6e0b2b5/conda-forge/noarch/typing-extensions-4.9.0-hd8ed1ab_0.conda
https://conda.anaconda.org/t/ir-ee6f9eae-61c1-41a7-a7a6-68dae6e0b2b5/conda-forge/win-64/argon2-cffi-bindings-21.2.0-py310h8d17308_4.conda
https://conda.anaconda.org/t/ir-ee6f9eae-61c1-41a7-a7a6-68dae6e0b2b5/conda-forge/win-64/aws-c-auth-0.7.16-ha04060b_0.conda
https://conda.anaconda.org/t/ir-ee6f9eae-61c1-41a7-a7a6-68dae6e0b2b5/conda-forge/win-64/aws-c-mqtt-0.10.2-h189e261_0.conda
https://conda.anaconda.org/t/ir-ee6f9eae-61c1-41a7-a7a6-68dae6e0b2b5/conda-forge/win-64/fonttools-4.49.0-py310h8d17308_0.conda
https://conda.anaconda.org/t/ir-ee6f9eae-61c1-41a7-a7a6-68dae6e0b2b5/conda-forge/win-64/glib-2.78.4-h12be248_0.conda
https://conda.anaconda.org/t/ir-ee6f9eae-61c1-41a7-a7a6-68dae6e0b2b5/conda-forge/noarch/importlib_metadata-7.0.1-hd8ed1ab_0.conda
https://conda.anaconda.org/t/ir-ee6f9eae-61c1-41a7-a7a6-68dae6e0b2b5/conda-forge/noarch/jsonschema-specifications-2023.12.1-pyhd8ed1ab_0.conda
https://conda.anaconda.org/conda-forge/noarch/jupyter_client-7.3.4-pyhd8ed1ab_0.tar.bz2
https://conda.anaconda.org/t/ir-ee6f9eae-61c1-41a7-a7a6-68dae6e0b2b5/conda-forge/win-64/libgoogle-cloud-2.12.0-hc7cbac0_5.conda
https://conda.anaconda.org/t/ir-ee6f9eae-61c1-41a7-a7a6-68dae6e0b2b5/conda-forge/win-64/libnetcdf-4.9.2-nompi_h07c049d_113.conda
https://conda.anaconda.org/t/ir-ee6f9eae-61c1-41a7-a7a6-68dae6e0b2b5/conda-forge/win-64/mkl-2024.0.0-h66d3029_49657.conda
https://conda.anaconda.org/t/ir-ee6f9eae-61c1-41a7-a7a6-68dae6e0b2b5/conda-forge/win-64/pillow-10.2.0-py310h1e6a543_0.conda
https://conda.anaconda.org/t/ir-ee6f9eae-61c1-41a7-a7a6-68dae6e0b2b5/conda-forge/noarch/prompt_toolkit-3.0.42-hd8ed1ab_0.conda
https://conda.anaconda.org/t/ir-ee6f9eae-61c1-41a7-a7a6-68dae6e0b2b5/conda-forge/win-64/pyproj-3.6.1-py310h05d47c7_5.conda
https://conda.anaconda.org/t/ir-ee6f9eae-61c1-41a7-a7a6-68dae6e0b2b5/conda-forge/win-64/pyqt5-sip-12.12.2-py310h00ffb61_5.conda
https://conda.anaconda.org/conda-forge/noarch/stack_data-0.6.2-pyhd8ed1ab_0.conda
https://conda.anaconda.org/t/ir-ee6f9eae-61c1-41a7-a7a6-68dae6e0b2b5/conda-forge/noarch/urllib3-1.26.18-pyhd8ed1ab_0.conda
https://conda.anaconda.org/conda-forge/noarch/argon2-cffi-23.1.0-pyhd8ed1ab_0.conda
https://conda.anaconda.org/t/ir-ee6f9eae-61c1-41a7-a7a6-68dae6e0b2b5/conda-forge/win-64/aws-c-s3-0.5.1-h678faf6_1.conda
https://conda.anaconda.org/t/ir-ee6f9eae-61c1-41a7-a7a6-68dae6e0b2b5/conda-forge/noarch/dask-core-2024.2.0-pyhd8ed1ab_0.conda
https://conda.anaconda.org/t/ir-ee6f9eae-61c1-41a7-a7a6-68dae6e0b2b5/conda-forge/win-64/gstreamer-1.22.9-hb4038d2_0.conda
https://conda.anaconda.org/t/ir-ee6f9eae-61c1-41a7-a7a6-68dae6e0b2b5/conda-forge/noarch/ipython-8.21.0-pyh7428d3b_0.conda
https://conda.anaconda.org/t/ir-ee6f9eae-61c1-41a7-a7a6-68dae6e0b2b5/conda-forge/noarch/jsonschema-4.21.1-pyhd8ed1ab_0.conda
https://conda.anaconda.org/t/ir-ee6f9eae-61c1-41a7-a7a6-68dae6e0b2b5/conda-forge/win-64/libblas-3.9.0-21_win64_mkl.conda
https://conda.anaconda.org/conda-forge/noarch/requests-2.31.0-pyhd8ed1ab_0.conda
https://conda.anaconda.org/t/ir-ee6f9eae-61c1-41a7-a7a6-68dae6e0b2b5/conda-forge/win-64/aws-crt-cpp-0.26.2-hc0416f4_3.conda
https://conda.anaconda.org/t/ir-ee6f9eae-61c1-41a7-a7a6-68dae6e0b2b5/conda-forge/noarch/distributed-2024.2.0-pyhd8ed1ab_0.conda
https://conda.anaconda.org/t/ir-ee6f9eae-61c1-41a7-a7a6-68dae6e0b2b5/conda-forge/win-64/gst-plugins-base-1.22.9-h001b923_0.conda
https://conda.anaconda.org/t/ir-ee6f9eae-61c1-41a7-a7a6-68dae6e0b2b5/conda-forge/noarch/ipykernel-6.29.2-pyha63f2e9_0.conda
https://conda.anaconda.org/t/ir-ee6f9eae-61c1-41a7-a7a6-68dae6e0b2b5/conda-forge/noarch/ipywidgets-8.1.2-pyhd8ed1ab_0.conda
https://conda.anaconda.org/t/ir-ee6f9eae-61c1-41a7-a7a6-68dae6e0b2b5/conda-forge/win-64/libcblas-3.9.0-21_win64_mkl.conda
https://conda.anaconda.org/t/ir-ee6f9eae-61c1-41a7-a7a6-68dae6e0b2b5/conda-forge/win-64/liblapack-3.9.0-21_win64_mkl.conda
https://conda.anaconda.org/conda-forge/noarch/nbformat-5.9.2-pyhd8ed1ab_0.conda
https://conda.anaconda.org/t/ir-ee6f9eae-61c1-41a7-a7a6-68dae6e0b2b5/conda-forge/win-64/aws-sdk-cpp-1.11.267-hf843ccd_0.conda
https://conda.anaconda.org/conda-forge/noarch/jupyter_console-6.6.3-pyhd8ed1ab_0.conda
https://conda.anaconda.org/conda-forge/noarch/nbclient-0.8.0-pyhd8ed1ab_0.conda
https://conda.anaconda.org/t/ir-ee6f9eae-61c1-41a7-a7a6-68dae6e0b2b5/conda-forge/win-64/numpy-1.26.4-py310hf667824_0.conda
https://conda.anaconda.org/t/ir-ee6f9eae-61c1-41a7-a7a6-68dae6e0b2b5/conda-forge/win-64/qt-main-5.15.8-h9e85ed6_19.conda
https://conda.anaconda.org/t/ir-ee6f9eae-61c1-41a7-a7a6-68dae6e0b2b5/conda-forge/noarch/qtconsole-base-5.5.1-pyha770c72_0.conda
https://conda.anaconda.org/t/ir-ee6f9eae-61c1-41a7-a7a6-68dae6e0b2b5/conda-forge/win-64/bottleneck-1.3.7-py310h3e78b6c_1.conda
https://conda.anaconda.org/t/ir-ee6f9eae-61c1-41a7-a7a6-68dae6e0b2b5/conda-forge/win-64/cftime-1.6.3-py310h3e78b6c_0.conda
https://conda.anaconda.org/t/ir-ee6f9eae-61c1-41a7-a7a6-68dae6e0b2b5/conda-forge/win-64/contourpy-1.2.0-py310h232114e_0.conda
https://conda.anaconda.org/t/ir-ee6f9eae-61c1-41a7-a7a6-68dae6e0b2b5/conda-forge/win-64/libarrow-15.0.0-heb6a4d3_4_cpu.conda
https://conda.anaconda.org/t/ir-ee6f9eae-61c1-41a7-a7a6-68dae6e0b2b5/conda-forge/noarch/nbconvert-core-7.16.1-pyhd8ed1ab_0.conda
https://conda.anaconda.org/t/ir-ee6f9eae-61c1-41a7-a7a6-68dae6e0b2b5/conda-forge/win-64/pandas-2.2.0-py310hecd3228_0.conda
https://conda.anaconda.org/t/ir-ee6f9eae-61c1-41a7-a7a6-68dae6e0b2b5/conda-forge/noarch/patsy-0.5.6-pyhd8ed1ab_0.conda
https://conda.anaconda.org/t/ir-ee6f9eae-61c1-41a7-a7a6-68dae6e0b2b5/conda-forge/win-64/pyqt-5.15.9-py310h1fd54f2_5.conda
https://conda.anaconda.org/t/ir-ee6f9eae-61c1-41a7-a7a6-68dae6e0b2b5/conda-forge/win-64/scipy-1.12.0-py310hf667824_2.conda
https://conda.anaconda.org/t/ir-ee6f9eae-61c1-41a7-a7a6-68dae6e0b2b5/conda-forge/win-64/shapely-2.0.3-py310hacc03b5_0.conda
https://conda.anaconda.org/t/ir-ee6f9eae-61c1-41a7-a7a6-68dae6e0b2b5/conda-forge/noarch/bokeh-3.3.4-pyhd8ed1ab_0.conda
https://conda.anaconda.org/t/ir-ee6f9eae-61c1-41a7-a7a6-68dae6e0b2b5/conda-forge/noarch/jupyter_server-1.24.0-pyhd8ed1ab_0.conda
https://conda.anaconda.org/t/ir-ee6f9eae-61c1-41a7-a7a6-68dae6e0b2b5/conda-forge/win-64/libarrow-acero-15.0.0-h63175ca_4_cpu.conda
https://conda.anaconda.org/t/ir-ee6f9eae-61c1-41a7-a7a6-68dae6e0b2b5/conda-forge/win-64/libarrow-flight-15.0.0-he112ba8_4_cpu.conda
https://conda.anaconda.org/t/ir-ee6f9eae-61c1-41a7-a7a6-68dae6e0b2b5/conda-forge/win-64/libarrow-gandiva-15.0.0-h2bad095_4_cpu.conda
https://conda.anaconda.org/t/ir-ee6f9eae-61c1-41a7-a7a6-68dae6e0b2b5/conda-forge/win-64/libparquet-15.0.0-h7ec3a38_4_cpu.conda
https://conda.anaconda.org/conda-forge/win-64/matplotlib-base-3.7.1-py310h51140c5_0.conda
https://conda.anaconda.org/t/ir-ee6f9eae-61c1-41a7-a7a6-68dae6e0b2b5/conda-forge/noarch/nbconvert-pandoc-7.16.1-pyhd8ed1ab_0.conda
https://conda.anaconda.org/t/ir-ee6f9eae-61c1-41a7-a7a6-68dae6e0b2b5/conda-forge/win-64/netcdf4-1.6.5-nompi_py310h6477780_100.conda
https://conda.anaconda.org/t/ir-ee6f9eae-61c1-41a7-a7a6-68dae6e0b2b5/conda-forge/win-64/scikit-learn-1.4.1.post1-py310hfd2573f_0.conda
https://conda.anaconda.org/t/ir-ee6f9eae-61c1-41a7-a7a6-68dae6e0b2b5/conda-forge/win-64/statsmodels-0.14.1-py310h3e78b6c_0.conda
https://conda.anaconda.org/t/ir-ee6f9eae-61c1-41a7-a7a6-68dae6e0b2b5/conda-forge/noarch/xarray-2024.2.0-pyhd8ed1ab_0.conda
https://conda.anaconda.org/t/ir-ee6f9eae-61c1-41a7-a7a6-68dae6e0b2b5/conda-forge/win-64/cartopy-0.22.0-py310hecd3228_1.conda
https://conda.anaconda.org/t/ir-ee6f9eae-61c1-41a7-a7a6-68dae6e0b2b5/iri-nextgen/noarch/cptio-1.0.5-py_0.tar.bz2
https://conda.anaconda.org/t/ir-ee6f9eae-61c1-41a7-a7a6-68dae6e0b2b5/conda-forge/win-64/libarrow-dataset-15.0.0-h63175ca_4_cpu.conda
https://conda.anaconda.org/t/ir-ee6f9eae-61c1-41a7-a7a6-68dae6e0b2b5/conda-forge/win-64/libarrow-flight-sql-15.0.0-h8f0bfdc_4_cpu.conda
https://conda.anaconda.org/t/ir-ee6f9eae-61c1-41a7-a7a6-68dae6e0b2b5/conda-forge/win-64/matplotlib-3.7.1-py310h5588dad_0.conda
https://conda.anaconda.org/t/ir-ee6f9eae-61c1-41a7-a7a6-68dae6e0b2b5/conda-forge/noarch/nbconvert-7.16.1-pyhd8ed1ab_0.conda
https://conda.anaconda.org/t/ir-ee6f9eae-61c1-41a7-a7a6-68dae6e0b2b5/conda-forge/noarch/notebook-shim-0.2.4-pyhd8ed1ab_0.conda
https://conda.anaconda.org/iri-nextgen/noarch/cptcore-2.2.0-py_1.tar.bz2
https://conda.anaconda.org/t/ir-ee6f9eae-61c1-41a7-a7a6-68dae6e0b2b5/iri-nextgen/noarch/cptdl-1.1.3-py_0.tar.bz2
https://conda.anaconda.org/t/ir-ee6f9eae-61c1-41a7-a7a6-68dae6e0b2b5/conda-forge/win-64/libarrow-substrait-15.0.0-h7aa34db_4_cpu.conda
https://conda.anaconda.org/conda-forge/noarch/nbclassic-1.0.0-pyhb4ecaf3_1.conda
https://conda.anaconda.org/iri-nextgen/noarch/cptextras-1.2.0-py_0.tar.bz2
https://conda.anaconda.org/t/ir-ee6f9eae-61c1-41a7-a7a6-68dae6e0b2b5/conda-forge/noarch/notebook-6.5.6-pyha770c72_0.conda
https://conda.anaconda.org/t/ir-ee6f9eae-61c1-41a7-a7a6-68dae6e0b2b5/conda-forge/win-64/pyarrow-15.0.0-py310hd0bb7c2_4_cpu.conda
https://conda.anaconda.org/t/ir-ee6f9eae-61c1-41a7-a7a6-68dae6e0b2b5/conda-forge/noarch/jupyter-1.0.0-pyhd8ed1ab_10.conda
https://conda.anaconda.org/t/ir-ee6f9eae-61c1-41a7-a7a6-68dae6e0b2b5/conda-forge/noarch/pyarrow-hotfix-0.6-pyhd8ed1ab_0.conda
https://conda.anaconda.org/t/ir-ee6f9eae-61c1-41a7-a7a6-68dae6e0b2b5/conda-forge/noarch/dask-2024.2.0-pyhd8ed1ab_0.conda
https://conda.anaconda.org/t/ir-ee6f9eae-61c1-41a7-a7a6-68dae6e0b2b5/iri-nextgen/noarch/pycpt-2.6.1-py_0.tar.bz2
